<?xml version="1.0" encoding="utf-8"?>
<Project ToolsVersion="4.0" xmlns="http://schemas.microsoft.com/developer/msbuild/2003">
  <ItemGroup>
    <Filter Include="Engine">
      <UniqueIdentifier>{a8929d09-099f-4d1d-b4d6-43af9be243c1}</UniqueIdentifier>
    </Filter>
    <Filter Include="Engine\Runtime">
      <UniqueIdentifier>{2efb35cf-98f6-44d3-a503-cc0ec9ece54c}</UniqueIdentifier>
    </Filter>
    <Filter Include="Engine\Public">
      <UniqueIdentifier>{c8369247-bbe1-407b-9d0f-505c161c8dff}</UniqueIdentifier>
    </Filter>
    <Filter Include="Engine\Runtime\Modules">
      <UniqueIdentifier>{62c36766-5f34-40a2-919b-ed56035029c9}</UniqueIdentifier>
    </Filter>
    <Filter Include="Engine\Runtime\Objects">
      <UniqueIdentifier>{d0b49c29-438f-4f59-8c12-44d281e5f3b0}</UniqueIdentifier>
    </Filter>
    <Filter Include="Engine\Runtime\Objects\2D">
      <UniqueIdentifier>{f0826694-984c-441a-a8bb-ed8e3789d405}</UniqueIdentifier>
    </Filter>
    <Filter Include="Engine\Runtime\Objects\Common">
      <UniqueIdentifier>{17e08e0e-faf4-4712-9887-ce24ad345180}</UniqueIdentifier>
    </Filter>
    <Filter Include="Engine\Runtime\Objects\3D">
      <UniqueIdentifier>{bf2ca3f4-394d-41b5-94c2-da4102a34b63}</UniqueIdentifier>
    </Filter>
    <Filter Include="Engine\Runtime\Core">
      <UniqueIdentifier>{8c6eb646-9d87-4025-b6a1-751487a83087}</UniqueIdentifier>
    </Filter>
    <Filter Include="Engine\Runtime\Helpers">
      <UniqueIdentifier>{a0bb8a22-d244-45b8-a0c5-46a5c699a876}</UniqueIdentifier>
    </Filter>
    <Filter Include="Engine\Runtime\APIs">
      <UniqueIdentifier>{73ad9b06-4e98-4912-be67-5efe359e0327}</UniqueIdentifier>
    </Filter>
    <Filter Include="Engine\Runtime\Interfaces">
      <UniqueIdentifier>{1a1914ec-b2e4-4a7e-95ab-c1521b8142b2}</UniqueIdentifier>
    </Filter>
    <Filter Include="Engine\Runtime\External">
      <UniqueIdentifier>{f07ccaf7-c9a8-4cbd-ba29-0add92f27ef7}</UniqueIdentifier>
    </Filter>
    <Filter Include="Engine\Runtime\External\ColoredText">
      <UniqueIdentifier>{383d4052-a3c8-4878-8276-25364953b95a}</UniqueIdentifier>
    </Filter>
  </ItemGroup>
  <ItemGroup>
    <ClInclude Include="include\LimeEngine.h">
      <Filter>Engine\Public</Filter>
    </ClInclude>
    <ClInclude Include="include\Application.h">
      <Filter>Engine\Runtime\Core</Filter>
    </ClInclude>
    <ClInclude Include="include\Window.h">
      <Filter>Engine\Runtime\Core</Filter>
    </ClInclude>
    <ClInclude Include="include\DebugConsole.h">
      <Filter>Engine\Runtime\Core</Filter>
    </ClInclude>
    <ClInclude Include="include\Renderer.h">
      <Filter>Engine\Runtime\Core</Filter>
    </ClInclude>
    <ClInclude Include="include\LuaBinder.h">
      <Filter>Engine\Runtime\Core</Filter>
    </ClInclude>
    <ClInclude Include="include\Objects\Event.h">
      <Filter>Engine\Runtime\Objects\Common</Filter>
    </ClInclude>
    <ClInclude Include="include\Modules\ModuleLime.h">
      <Filter>Engine\Runtime\Modules</Filter>
    </ClInclude>
    <ClInclude Include="include\Modules\ModuleScene.h">
      <Filter>Engine\Runtime\Modules</Filter>
    </ClInclude>
    <ClInclude Include="include\Objects\Vec4.h">
      <Filter>Engine\Runtime\Objects\Common</Filter>
    </ClInclude>
    <ClInclude Include="include\Objects\Vec2.h">
      <Filter>Engine\Runtime\Objects\Common</Filter>
    </ClInclude>
    <ClInclude Include="include\Objects\Vec3.h">
      <Filter>Engine\Runtime\Objects\Common</Filter>
    </ClInclude>
    <ClInclude Include="include\Interfaces\SceneObject.h">
      <Filter>Engine\Runtime\Interfaces</Filter>
    </ClInclude>
    <ClInclude Include="include\Interfaces\Object2D.h">
      <Filter>Engine\Runtime\Interfaces</Filter>
    </ClInclude>
    <ClInclude Include="include\Interfaces\Object3D.h">
      <Filter>Engine\Runtime\Interfaces</Filter>
    </ClInclude>
    <ClInclude Include="include\Objects\Camera.h">
      <Filter>Engine\Runtime\Objects\3D</Filter>
    </ClInclude>
    <ClInclude Include="include\Objects\Texture.h">
      <Filter>Engine\Runtime\Objects\Common</Filter>
    </ClInclude>
    <ClInclude Include="include\Objects\Material.h">
      <Filter>Engine\Runtime\Objects\Common</Filter>
    </ClInclude>
    <ClInclude Include="include\Objects\Skydome.h">
      <Filter>Engine\Runtime\Objects\3D</Filter>
    </ClInclude>
    <ClInclude Include="include\Modules\ModuleWindow.h">
      <Filter>Engine\Runtime\Modules</Filter>
    </ClInclude>
    <ClInclude Include="include\Modules\ModuleGUI.h">
      <Filter>Engine\Runtime\Modules</Filter>
    </ClInclude>
    <ClInclude Include="include\Receiver.h">
      <Filter>Engine\Runtime\Core</Filter>
    </ClInclude>
    <ClInclude Include="include\FrameLimiter.h">
      <Filter>Engine\Runtime\Core</Filter>
    </ClInclude>
    <ClInclude Include="include\Modules\ModuleInput.h">
      <Filter>Engine\Runtime\Modules</Filter>
    </ClInclude>
    <ClInclude Include="include\GUIManager.h">
      <Filter>Engine\Runtime\Core</Filter>
    </ClInclude>
    <ClInclude Include="include\External\CColoredText3DSceneNode.h">
      <Filter>Engine\Runtime\External\ColoredText</Filter>
    </ClInclude>
    <ClInclude Include="include\External\CGUIColoredText.h">
      <Filter>Engine\Runtime\External\ColoredText</Filter>
    </ClInclude>
    <ClInclude Include="include\Objects\Text2D.h">
      <Filter>Engine\Runtime\Objects\2D</Filter>
    </ClInclude>
  </ItemGroup>
  <ItemGroup>
    <ClCompile Include="src\LimeEngine.cpp">
      <Filter>Engine\Public</Filter>
    </ClCompile>
    <ClCompile Include="src\Application.cpp">
      <Filter>Engine\Runtime\Core</Filter>
    </ClCompile>
    <ClCompile Include="src\Window.cpp">
      <Filter>Engine\Runtime\Core</Filter>
    </ClCompile>
    <ClCompile Include="src\DebugConsole.cpp">
      <Filter>Engine\Runtime\Core</Filter>
    </ClCompile>
    <ClCompile Include="src\Renderer.cpp">
      <Filter>Engine\Runtime\Core</Filter>
    </ClCompile>
    <ClCompile Include="src\LuaBinder.cpp">
      <Filter>Engine\Runtime\Core</Filter>
    </ClCompile>
    <ClCompile Include="src\Objects\Event.cpp">
      <Filter>Engine\Runtime\Objects\Common</Filter>
    </ClCompile>
    <ClCompile Include="src\Modules\ModuleLime.cpp">
      <Filter>Engine\Runtime\Modules</Filter>
    </ClCompile>
    <ClCompile Include="src\Modules\ModuleScene.cpp">
      <Filter>Engine\Runtime\Modules</Filter>
    </ClCompile>
    <ClCompile Include="src\Objects\Vec4.cpp">
      <Filter>Engine\Runtime\Objects\Common</Filter>
    </ClCompile>
    <ClCompile Include="src\Objects\Vec2.cpp">
      <Filter>Engine\Runtime\Objects\Common</Filter>
    </ClCompile>
    <ClCompile Include="src\Objects\Vec3.cpp">
      <Filter>Engine\Runtime\Objects\Common</Filter>
    </ClCompile>
    <ClCompile Include="src\Interfaces\SceneObject.cpp">
      <Filter>Engine\Runtime\Interfaces</Filter>
    </ClCompile>
    <ClCompile Include="src\Interfaces\Object2D.cpp">
      <Filter>Engine\Runtime\Interfaces</Filter>
    </ClCompile>
    <ClCompile Include="src\Interfaces\Object3D.cpp">
      <Filter>Engine\Runtime\Interfaces</Filter>
    </ClCompile>
    <ClCompile Include="src\Objects\Camera.cpp">
      <Filter>Engine\Runtime\Objects\3D</Filter>
    </ClCompile>
    <ClCompile Include="src\Objects\Texture.cpp">
      <Filter>Engine\Runtime\Objects\Common</Filter>
    </ClCompile>
    <ClCompile Include="src\Objects\Material.cpp">
      <Filter>Engine\Runtime\Objects\Common</Filter>
    </ClCompile>
    <ClCompile Include="src\Objects\Skydome.cpp">
      <Filter>Engine\Runtime\Objects\3D</Filter>
    </ClCompile>
    <ClCompile Include="src\Modules\ModuleWindow.cpp">
      <Filter>Engine\Runtime\Modules</Filter>
    </ClCompile>
    <ClCompile Include="src\Modules\ModuleGUI.cpp">
      <Filter>Engine\Runtime\Modules</Filter>
    </ClCompile>
    <ClCompile Include="src\Receiver.cpp">
      <Filter>Engine\Runtime\Core</Filter>
    </ClCompile>
    <ClCompile Include="src\Modules\ModuleInput.cpp">
      <Filter>Engine\Runtime\Modules</Filter>
    </ClCompile>
    <ClCompile Include="src\GUIManager.cpp">
      <Filter>Engine\Runtime\Core</Filter>
    </ClCompile>
    <ClCompile Include="src\Objects\Text2D.cpp">
      <Filter>Engine\Runtime\Objects\2D</Filter>
    </ClCompile>
  </ItemGroup>
  <ItemGroup>
    <None Include="api\Enums.api.inl">
      <Filter>Engine\Runtime\APIs</Filter>
    </None>
  </ItemGroup>
</Project>